
Microsoft Visual Studio Solution File, Format Version 12.00
# Visual Studio Version 17
VisualStudioVersion = 17.14.36109.1 d17.14
MinimumVisualStudioVersion = 10.0.40219.1
Project("{FAE04EC0-301F-11D3-BF4B-00C04F79EFBC}") = "affichagevolet5", "affichagevolet5.csproj", "{49334125-6BC8-45AE-96C2-3284B40B3754}"
EndProject
Global
	GlobalSection(SolutionConfigurationPlatforms) = preSolution
		Debug|Any CPU = Debug|Any CPU
		Release|Any CPU = Release|Any CPU
	EndGlobalSection
	GlobalSection(ProjectConfigurationPlatforms) = postSolution
		{49334125-6BC8-45AE-96C2-3284B40B3754}.Debug|Any CPU.ActiveCfg = Debug|Any CPU
		{49334125-6BC8-45AE-96C2-3284B40B3754}.Debug|Any CPU.Build.0 = Debug|Any CPU
		{49334125-6BC8-45AE-96C2-3284B40B3754}.Release|Any CPU.ActiveCfg = Release|Any CPU
		{49334125-6BC8-45AE-96C2-3284B40B3754}.Release|Any CPU.Build.0 = Release|Any CPU
	EndGlobalSection
	GlobalSection(SolutionProperties) = preSolution
		HideSolutionNode = FALSE
	EndGlobalSection
	GlobalSection(ExtensibilityGlobals) = postSolution
		SolutionGuid = {0D9733D1-46E2-47C8-B184-8EE8664BE32C}
	EndGlobalSection
EndGlobal
